
Microsoft Visual Studio Solution File, Format Version 12.00
# Visual Studio 14
VisualStudioVersion = 14.0.25420.1
MinimumVisualStudioVersion = 10.0.40219.1
Project("{FAE04EC0-301F-11D3-BF4B-00C04F79EFBC}") = "ShoppingCartCheckout", "ShoppingCartCheckout\ShoppingCartCheckout.csproj", "{73B57E83-C2D3-4D2F-9723-B2B195212610}"
EndProject
Project("{FAE04EC0-301F-11D3-BF4B-00C04F79EFBC}") = "ShoppingCartCheckoutTest", "ShoppingCartCheckoutTest\ShoppingCartCheckoutTest.csproj", "{641D238C-39C5-47BF-B3C1-F2594F7F87F1}"
EndProject
Global
	GlobalSection(SolutionConfigurationPlatforms) = preSolution
		Debug|Any CPU = Debug|Any CPU
		Release|Any CPU = Release|Any CPU
	EndGlobalSection
	GlobalSection(ProjectConfigurationPlatforms) = postSolution
		{73B57E83-C2D3-4D2F-9723-B2B195212610}.Debug|Any CPU.ActiveCfg = Debug|Any CPU
		{73B57E83-C2D3-4D2F-9723-B2B195212610}.Debug|Any CPU.Build.0 = Debug|Any CPU
		{73B57E83-C2D3-4D2F-9723-B2B195212610}.Release|Any CPU.ActiveCfg = Release|Any CPU
		{73B57E83-C2D3-4D2F-9723-B2B195212610}.Release|Any CPU.Build.0 = Release|Any CPU
		{641D238C-39C5-47BF-B3C1-F2594F7F87F1}.Debug|Any CPU.ActiveCfg = Debug|Any CPU
		{641D238C-39C5-47BF-B3C1-F2594F7F87F1}.Debug|Any CPU.Build.0 = Debug|Any CPU
		{641D238C-39C5-47BF-B3C1-F2594F7F87F1}.Release|Any CPU.ActiveCfg = Release|Any CPU
		{641D238C-39C5-47BF-B3C1-F2594F7F87F1}.Release|Any CPU.Build.0 = Release|Any CPU
	EndGlobalSection
	GlobalSection(SolutionProperties) = preSolution
		HideSolutionNode = FALSE
	EndGlobalSection
EndGlobal
